// !$*UTF8*$!
{
	archiveVersion = 1;
	classes = {
	};
	objectVersion = 56;
	objects = {

/* Begin PBXBuildFile section */
		5C5067082948B73D009E5BEE /* StartRoutineView.swift in Sources */ = {isa = PBXBuildFile; fileRef = 5C5067072948B73D009E5BEE /* StartRoutineView.swift */; };
		5C5FEFD82923C12E0080BF47 /* User.swift in Sources */ = {isa = PBXBuildFile; fileRef = 5C5FEFD72923C12E0080BF47 /* User.swift */; };
		5C5FEFDA292722610080BF47 /* NewWorkoutView.swift in Sources */ = {isa = PBXBuildFile; fileRef = 5C5FEFD9292722610080BF47 /* NewWorkoutView.swift */; };
		5CD29548291496B0002242E3 /* Lift_TrackApp.swift in Sources */ = {isa = PBXBuildFile; fileRef = 5CD29547291496B0002242E3 /* Lift_TrackApp.swift */; };
		5CD2954A291496B0002242E3 /* RoutineView.swift in Sources */ = {isa = PBXBuildFile; fileRef = 5CD29549291496B0002242E3 /* RoutineView.swift */; };
		5CD2954C291496B2002242E3 /* Assets.xcassets in Resources */ = {isa = PBXBuildFile; fileRef = 5CD2954B291496B2002242E3 /* Assets.xcassets */; };
		5CD2954F291496B2002242E3 /* Preview Assets.xcassets in Resources */ = {isa = PBXBuildFile; fileRef = 5CD2954E291496B2002242E3 /* Preview Assets.xcassets */; };
		5CD29559291496B2002242E3 /* Lift_TrackTests.swift in Sources */ = {isa = PBXBuildFile; fileRef = 5CD29558291496B2002242E3 /* Lift_TrackTests.swift */; };
		5CD29563291496B2002242E3 /* Lift_TrackUITests.swift in Sources */ = {isa = PBXBuildFile; fileRef = 5CD29562291496B2002242E3 /* Lift_TrackUITests.swift */; };
		5CD29565291496B2002242E3 /* Lift_TrackUITestsLaunchTests.swift in Sources */ = {isa = PBXBuildFile; fileRef = 5CD29564291496B2002242E3 /* Lift_TrackUITestsLaunchTests.swift */; };
		5CD295842915F0E0002242E3 /* RealmSwift in Frameworks */ = {isa = PBXBuildFile; productRef = 5CD295832915F0E0002242E3 /* RealmSwift */; };
		5CD295882915F28C002242E3 /* Routine.swift in Sources */ = {isa = PBXBuildFile; fileRef = 5CD295872915F28C002242E3 /* Routine.swift */; };
		5CD2958A2915F64C002242E3 /* SubRoutine.swift in Sources */ = {isa = PBXBuildFile; fileRef = 5CD295892915F64C002242E3 /* SubRoutine.swift */; };
		5CD2958C2917072B002242E3 /* SetAndWeight.swift in Sources */ = {isa = PBXBuildFile; fileRef = 5CD2958B2917072B002242E3 /* SetAndWeight.swift */; };
		5CD2958E2917092C002242E3 /* History.swift in Sources */ = {isa = PBXBuildFile; fileRef = 5CD2958D2917092C002242E3 /* History.swift */; };
		5CD2959029183465002242E3 /* CardView.swift in Sources */ = {isa = PBXBuildFile; fileRef = 5CD2958F29183465002242E3 /* CardView.swift */; };
		5CD2959229183625002242E3 /* SubRoutineView.swift in Sources */ = {isa = PBXBuildFile; fileRef = 5CD2959129183625002242E3 /* SubRoutineView.swift */; };
		5CD295942919FA00002242E3 /* EditWorkoutView.swift in Sources */ = {isa = PBXBuildFile; fileRef = 5CD295932919FA00002242E3 /* EditWorkoutView.swift */; };
		5CD295962919FB27002242E3 /* WorkoutListItemView.swift in Sources */ = {isa = PBXBuildFile; fileRef = 5CD295952919FB27002242E3 /* WorkoutListItemView.swift */; };
		5CD295A0291B4776002242E3 /* AddRoutineView.swift in Sources */ = {isa = PBXBuildFile; fileRef = 5CD2959F291B4776002242E3 /* AddRoutineView.swift */; };
		5CD295A2291C8585002242E3 /* weightUnitOptions.swift in Sources */ = {isa = PBXBuildFile; fileRef = 5CD295A1291C8585002242E3 /* weightUnitOptions.swift */; };
/* End PBXBuildFile section */

/* Begin PBXContainerItemProxy section */
		5CD29555291496B2002242E3 /* PBXContainerItemProxy */ = {
			isa = PBXContainerItemProxy;
			containerPortal = 5CD2953C291496B0002242E3 /* Project object */;
			proxyType = 1;
			remoteGlobalIDString = 5CD29543291496B0002242E3;
			remoteInfo = "Lift Track";
		};
		5CD2955F291496B2002242E3 /* PBXContainerItemProxy */ = {
			isa = PBXContainerItemProxy;
			containerPortal = 5CD2953C291496B0002242E3 /* Project object */;
			proxyType = 1;
			remoteGlobalIDString = 5CD29543291496B0002242E3;
			remoteInfo = "Lift Track";
		};
/* End PBXContainerItemProxy section */

/* Begin PBXFileReference section */
		5C5067072948B73D009E5BEE /* StartRoutineView.swift */ = {isa = PBXFileReference; lastKnownFileType = sourcecode.swift; path = StartRoutineView.swift; sourceTree = "<group>"; };
		5C5FEFD72923C12E0080BF47 /* User.swift */ = {isa = PBXFileReference; lastKnownFileType = sourcecode.swift; path = User.swift; sourceTree = "<group>"; };
		5C5FEFD9292722610080BF47 /* NewWorkoutView.swift */ = {isa = PBXFileReference; lastKnownFileType = sourcecode.swift; path = NewWorkoutView.swift; sourceTree = "<group>"; };
		5CD29544291496B0002242E3 /* Lift Track.app */ = {isa = PBXFileReference; explicitFileType = wrapper.application; includeInIndex = 0; path = "Lift Track.app"; sourceTree = BUILT_PRODUCTS_DIR; };
		5CD29547291496B0002242E3 /* Lift_TrackApp.swift */ = {isa = PBXFileReference; lastKnownFileType = sourcecode.swift; path = Lift_TrackApp.swift; sourceTree = "<group>"; };
		5CD29549291496B0002242E3 /* RoutineView.swift */ = {isa = PBXFileReference; lastKnownFileType = sourcecode.swift; path = RoutineView.swift; sourceTree = "<group>"; };
		5CD2954B291496B2002242E3 /* Assets.xcassets */ = {isa = PBXFileReference; lastKnownFileType = folder.assetcatalog; path = Assets.xcassets; sourceTree = "<group>"; };
		5CD2954E291496B2002242E3 /* Preview Assets.xcassets */ = {isa = PBXFileReference; lastKnownFileType = folder.assetcatalog; name = "Preview Assets.xcassets"; path = "Preview Content/Preview Assets.xcassets"; sourceTree = "<group>"; };
		5CD29554291496B2002242E3 /* Lift TrackTests.xctest */ = {isa = PBXFileReference; explicitFileType = wrapper.cfbundle; includeInIndex = 0; path = "Lift TrackTests.xctest"; sourceTree = BUILT_PRODUCTS_DIR; };
		5CD29558291496B2002242E3 /* Lift_TrackTests.swift */ = {isa = PBXFileReference; lastKnownFileType = sourcecode.swift; path = Lift_TrackTests.swift; sourceTree = "<group>"; };
		5CD2955E291496B2002242E3 /* Lift TrackUITests.xctest */ = {isa = PBXFileReference; explicitFileType = wrapper.cfbundle; includeInIndex = 0; path = "Lift TrackUITests.xctest"; sourceTree = BUILT_PRODUCTS_DIR; };
		5CD29562291496B2002242E3 /* Lift_TrackUITests.swift */ = {isa = PBXFileReference; lastKnownFileType = sourcecode.swift; path = Lift_TrackUITests.swift; sourceTree = "<group>"; };
		5CD29564291496B2002242E3 /* Lift_TrackUITestsLaunchTests.swift */ = {isa = PBXFileReference; lastKnownFileType = sourcecode.swift; path = Lift_TrackUITestsLaunchTests.swift; sourceTree = "<group>"; };
		5CD2957E2914A19E002242E3 /* Hierarchy.md */ = {isa = PBXFileReference; lastKnownFileType = net.daringfireball.markdown; path = Hierarchy.md; sourceTree = "<group>"; };
		5CD295872915F28C002242E3 /* Routine.swift */ = {isa = PBXFileReference; lastKnownFileType = sourcecode.swift; path = Routine.swift; sourceTree = "<group>"; };
		5CD295892915F64C002242E3 /* SubRoutine.swift */ = {isa = PBXFileReference; lastKnownFileType = sourcecode.swift; path = SubRoutine.swift; sourceTree = "<group>"; };
		5CD2958B2917072B002242E3 /* SetAndWeight.swift */ = {isa = PBXFileReference; lastKnownFileType = sourcecode.swift; path = SetAndWeight.swift; sourceTree = "<group>"; };
		5CD2958D2917092C002242E3 /* History.swift */ = {isa = PBXFileReference; lastKnownFileType = sourcecode.swift; path = History.swift; sourceTree = "<group>"; };
		5CD2958F29183465002242E3 /* CardView.swift */ = {isa = PBXFileReference; lastKnownFileType = sourcecode.swift; path = CardView.swift; sourceTree = "<group>"; };
		5CD2959129183625002242E3 /* SubRoutineView.swift */ = {isa = PBXFileReference; lastKnownFileType = sourcecode.swift; path = SubRoutineView.swift; sourceTree = "<group>"; };
		5CD295932919FA00002242E3 /* EditWorkoutView.swift */ = {isa = PBXFileReference; lastKnownFileType = sourcecode.swift; path = EditWorkoutView.swift; sourceTree = "<group>"; };
		5CD295952919FB27002242E3 /* WorkoutListItemView.swift */ = {isa = PBXFileReference; lastKnownFileType = sourcecode.swift; path = WorkoutListItemView.swift; sourceTree = "<group>"; };
		5CD2959F291B4776002242E3 /* AddRoutineView.swift */ = {isa = PBXFileReference; lastKnownFileType = sourcecode.swift; path = AddRoutineView.swift; sourceTree = "<group>"; };
		5CD295A1291C8585002242E3 /* weightUnitOptions.swift */ = {isa = PBXFileReference; lastKnownFileType = sourcecode.swift; path = weightUnitOptions.swift; sourceTree = "<group>"; };
/* End PBXFileReference section */

/* Begin PBXFrameworksBuildPhase section */
		5CD29541291496B0002242E3 /* Frameworks */ = {
			isa = PBXFrameworksBuildPhase;
			buildActionMask = 2147483647;
			files = (
				5CD295842915F0E0002242E3 /* RealmSwift in Frameworks */,
			);
			runOnlyForDeploymentPostprocessing = 0;
		};
		5CD29551291496B2002242E3 /* Frameworks */ = {
			isa = PBXFrameworksBuildPhase;
			buildActionMask = 2147483647;
			files = (
			);
			runOnlyForDeploymentPostprocessing = 0;
		};
		5CD2955B291496B2002242E3 /* Frameworks */ = {
			isa = PBXFrameworksBuildPhase;
			buildActionMask = 2147483647;
			files = (
			);
			runOnlyForDeploymentPostprocessing = 0;
		};
/* End PBXFrameworksBuildPhase section */

/* Begin PBXGroup section */
		5CD2953B291496B0002242E3 = {
			isa = PBXGroup;
			children = (
				5CD29546291496B0002242E3 /* Lift Track */,
				5CD29557291496B2002242E3 /* Lift TrackTests */,
				5CD29561291496B2002242E3 /* Lift TrackUITests */,
				5CD29545291496B0002242E3 /* Products */,
			);
			sourceTree = "<group>";
		};
		5CD29545291496B0002242E3 /* Products */ = {
			isa = PBXGroup;
			children = (
				5CD29544291496B0002242E3 /* Lift Track.app */,
				5CD29554291496B2002242E3 /* Lift TrackTests.xctest */,
				5CD2955E291496B2002242E3 /* Lift TrackUITests.xctest */,
			);
			name = Products;
			sourceTree = "<group>";
		};
		5CD29546291496B0002242E3 /* Lift Track */ = {
			isa = PBXGroup;
			children = (
				5CD29547291496B0002242E3 /* Lift_TrackApp.swift */,
				5CD2959C291B40E2002242E3 /* Views */,
				5CD2957229149C7C002242E3 /* Data Models */,
				5CD2954B291496B2002242E3 /* Assets.xcassets */,
				5CD2954D291496B2002242E3 /* Preview Content */,
			);
			path = "Lift Track";
			sourceTree = "<group>";
		};
		5CD2954D291496B2002242E3 /* Preview Content */ = {
			isa = PBXGroup;
			children = (
				5CD2954E291496B2002242E3 /* Preview Assets.xcassets */,
			);
			name = "Preview Content";
			sourceTree = "<group>";
		};
		5CD29557291496B2002242E3 /* Lift TrackTests */ = {
			isa = PBXGroup;
			children = (
				5CD29558291496B2002242E3 /* Lift_TrackTests.swift */,
			);
			path = "Lift TrackTests";
			sourceTree = "<group>";
		};
		5CD29561291496B2002242E3 /* Lift TrackUITests */ = {
			isa = PBXGroup;
			children = (
				5CD29562291496B2002242E3 /* Lift_TrackUITests.swift */,
				5CD29564291496B2002242E3 /* Lift_TrackUITestsLaunchTests.swift */,
			);
			path = "Lift TrackUITests";
			sourceTree = "<group>";
		};
		5CD2957229149C7C002242E3 /* Data Models */ = {
			isa = PBXGroup;
			children = (
				5CD295872915F28C002242E3 /* Routine.swift */,
				5CD295892915F64C002242E3 /* SubRoutine.swift */,
				5CD2958B2917072B002242E3 /* SetAndWeight.swift */,
				5CD295A1291C8585002242E3 /* weightUnitOptions.swift */,
				5CD2958D2917092C002242E3 /* History.swift */,
				5C5FEFD72923C12E0080BF47 /* User.swift */,
				5CD2957E2914A19E002242E3 /* Hierarchy.md */,
			);
			path = "Data Models";
			sourceTree = "<group>";
		};
		5CD2959C291B40E2002242E3 /* Views */ = {
			isa = PBXGroup;
			children = (
				5CD295932919FA00002242E3 /* EditWorkoutView.swift */,
				5CD29549291496B0002242E3 /* RoutineView.swift */,
				5C5FEFD9292722610080BF47 /* NewWorkoutView.swift */,
				5CD2959F291B4776002242E3 /* AddRoutineView.swift */,
				5CD2959129183625002242E3 /* SubRoutineView.swift */,
				5C5067072948B73D009E5BEE /* StartRoutineView.swift */,
				5CD2958F29183465002242E3 /* CardView.swift */,
				5CD295952919FB27002242E3 /* WorkoutListItemView.swift */,
			);
			path = Views;
			sourceTree = "<group>";
		};
/* End PBXGroup section */

/* Begin PBXNativeTarget section */
		5CD29543291496B0002242E3 /* Lift Track */ = {
			isa = PBXNativeTarget;
			buildConfigurationList = 5CD29568291496B2002242E3 /* Build configuration list for PBXNativeTarget "Lift Track" */;
			buildPhases = (
				5CD29540291496B0002242E3 /* Sources */,
				5CD29541291496B0002242E3 /* Frameworks */,
				5CD29542291496B0002242E3 /* Resources */,
			);
			buildRules = (
			);
			dependencies = (
			);
			name = "Lift Track";
			packageProductDependencies = (
				5CD295832915F0E0002242E3 /* RealmSwift */,
			);
			productName = "Lift Track";
			productReference = 5CD29544291496B0002242E3 /* Lift Track.app */;
			productType = "com.apple.product-type.application";
		};
		5CD29553291496B2002242E3 /* Lift TrackTests */ = {
			isa = PBXNativeTarget;
			buildConfigurationList = 5CD2956B291496B2002242E3 /* Build configuration list for PBXNativeTarget "Lift TrackTests" */;
			buildPhases = (
				5CD29550291496B2002242E3 /* Sources */,
				5CD29551291496B2002242E3 /* Frameworks */,
				5CD29552291496B2002242E3 /* Resources */,
			);
			buildRules = (
			);
			dependencies = (
				5CD29556291496B2002242E3 /* PBXTargetDependency */,
			);
			name = "Lift TrackTests";
			productName = "Lift TrackTests";
			productReference = 5CD29554291496B2002242E3 /* Lift TrackTests.xctest */;
			productType = "com.apple.product-type.bundle.unit-test";
		};
		5CD2955D291496B2002242E3 /* Lift TrackUITests */ = {
			isa = PBXNativeTarget;
			buildConfigurationList = 5CD2956E291496B2002242E3 /* Build configuration list for PBXNativeTarget "Lift TrackUITests" */;
			buildPhases = (
				5CD2955A291496B2002242E3 /* Sources */,
				5CD2955B291496B2002242E3 /* Frameworks */,
				5CD2955C291496B2002242E3 /* Resources */,
			);
			buildRules = (
			);
			dependencies = (
				5CD29560291496B2002242E3 /* PBXTargetDependency */,
			);
			name = "Lift TrackUITests";
			productName = "Lift TrackUITests";
			productReference = 5CD2955E291496B2002242E3 /* Lift TrackUITests.xctest */;
			productType = "com.apple.product-type.bundle.ui-testing";
		};
/* End PBXNativeTarget section */

/* Begin PBXProject section */
		5CD2953C291496B0002242E3 /* Project object */ = {
			isa = PBXProject;
			attributes = {
				BuildIndependentTargetsInParallel = 1;
				LastSwiftUpdateCheck = 1410;
				LastUpgradeCheck = 1410;
				TargetAttributes = {
					5CD29543291496B0002242E3 = {
						CreatedOnToolsVersion = 14.1;
					};
					5CD29553291496B2002242E3 = {
						CreatedOnToolsVersion = 14.1;
						TestTargetID = 5CD29543291496B0002242E3;
					};
					5CD2955D291496B2002242E3 = {
						CreatedOnToolsVersion = 14.1;
						TestTargetID = 5CD29543291496B0002242E3;
					};
				};
			};
			buildConfigurationList = 5CD2953F291496B0002242E3 /* Build configuration list for PBXProject "Lift Track" */;
			compatibilityVersion = "Xcode 14.0";
			developmentRegion = en;
			hasScannedForEncodings = 0;
			knownRegions = (
				en,
				Base,
			);
			mainGroup = 5CD2953B291496B0002242E3;
			packageReferences = (
				5CD295822915F0E0002242E3 /* XCRemoteSwiftPackageReference "realm-cocoa" */,
			);
			productRefGroup = 5CD29545291496B0002242E3 /* Products */;
			projectDirPath = "";
			projectRoot = "";
			targets = (
				5CD29543291496B0002242E3 /* Lift Track */,
				5CD29553291496B2002242E3 /* Lift TrackTests */,
				5CD2955D291496B2002242E3 /* Lift TrackUITests */,
			);
		};
/* End PBXProject section */

/* Begin PBXResourcesBuildPhase section */
		5CD29542291496B0002242E3 /* Resources */ = {
			isa = PBXResourcesBuildPhase;
			buildActionMask = 2147483647;
			files = (
				5CD2954F291496B2002242E3 /* Preview Assets.xcassets in Resources */,
				5CD2954C291496B2002242E3 /* Assets.xcassets in Resources */,
			);
			runOnlyForDeploymentPostprocessing = 0;
		};
		5CD29552291496B2002242E3 /* Resources */ = {
			isa = PBXResourcesBuildPhase;
			buildActionMask = 2147483647;
			files = (
			);
			runOnlyForDeploymentPostprocessing = 0;
		};
		5CD2955C291496B2002242E3 /* Resources */ = {
			isa = PBXResourcesBuildPhase;
			buildActionMask = 2147483647;
			files = (
			);
			runOnlyForDeploymentPostprocessing = 0;
		};
/* End PBXResourcesBuildPhase section */

/* Begin PBXSourcesBuildPhase section */
		5CD29540291496B0002242E3 /* Sources */ = {
			isa = PBXSourcesBuildPhase;
			buildActionMask = 2147483647;
			files = (
				5C5FEFD82923C12E0080BF47 /* User.swift in Sources */,
				5CD2959029183465002242E3 /* CardView.swift in Sources */,
				5CD2958E2917092C002242E3 /* History.swift in Sources */,
				5C5067082948B73D009E5BEE /* StartRoutineView.swift in Sources */,
				5CD295942919FA00002242E3 /* EditWorkoutView.swift in Sources */,
				5CD2959229183625002242E3 /* SubRoutineView.swift in Sources */,
				5C5FEFDA292722610080BF47 /* NewWorkoutView.swift in Sources */,
				5CD2954A291496B0002242E3 /* RoutineView.swift in Sources */,
				5CD295A0291B4776002242E3 /* AddRoutineView.swift in Sources */,
				5CD295A2291C8585002242E3 /* weightUnitOptions.swift in Sources */,
				5CD2958C2917072B002242E3 /* SetAndWeight.swift in Sources */,
				5CD29548291496B0002242E3 /* Lift_TrackApp.swift in Sources */,
				5CD295962919FB27002242E3 /* WorkoutListItemView.swift in Sources */,
				5CD295882915F28C002242E3 /* Routine.swift in Sources */,
				5CD2958A2915F64C002242E3 /* SubRoutine.swift in Sources */,
			);
			runOnlyForDeploymentPostprocessing = 0;
		};
		5CD29550291496B2002242E3 /* Sources */ = {
			isa = PBXSourcesBuildPhase;
			buildActionMask = 2147483647;
			files = (
				5CD29559291496B2002242E3 /* Lift_TrackTests.swift in Sources */,
			);
			runOnlyForDeploymentPostprocessing = 0;
		};
		5CD2955A291496B2002242E3 /* Sources */ = {
			isa = PBXSourcesBuildPhase;
			buildActionMask = 2147483647;
			files = (
				5CD29563291496B2002242E3 /* Lift_TrackUITests.swift in Sources */,
				5CD29565291496B2002242E3 /* Lift_TrackUITestsLaunchTests.swift in Sources */,
			);
			runOnlyForDeploymentPostprocessing = 0;
		};
/* End PBXSourcesBuildPhase section */

/* Begin PBXTargetDependency section */
		5CD29556291496B2002242E3 /* PBXTargetDependency */ = {
			isa = PBXTargetDependency;
			target = 5CD29543291496B0002242E3 /* Lift Track */;
			targetProxy = 5CD29555291496B2002242E3 /* PBXContainerItemProxy */;
		};
		5CD29560291496B2002242E3 /* PBXTargetDependency */ = {
			isa = PBXTargetDependency;
			target = 5CD29543291496B0002242E3 /* Lift Track */;
			targetProxy = 5CD2955F291496B2002242E3 /* PBXContainerItemProxy */;
		};
/* End PBXTargetDependency section */

/* Begin XCBuildConfiguration section */
		5CD29566291496B2002242E3 /* Debug */ = {
			isa = XCBuildConfiguration;
			buildSettings = {
				ALWAYS_SEARCH_USER_PATHS = NO;
				CLANG_ANALYZER_NONNULL = YES;
				CLANG_ANALYZER_NUMBER_OBJECT_CONVERSION = YES_AGGRESSIVE;
				CLANG_CXX_LANGUAGE_STANDARD = "gnu++20";
				CLANG_ENABLE_MODULES = YES;
				CLANG_ENABLE_OBJC_ARC = YES;
				CLANG_ENABLE_OBJC_WEAK = YES;
				CLANG_WARN_BLOCK_CAPTURE_AUTORELEASING = YES;
				CLANG_WARN_BOOL_CONVERSION = YES;
				CLANG_WARN_COMMA = YES;
				CLANG_WARN_CONSTANT_CONVERSION = YES;
				CLANG_WARN_DEPRECATED_OBJC_IMPLEMENTATIONS = YES;
				CLANG_WARN_DIRECT_OBJC_ISA_USAGE = YES_ERROR;
				CLANG_WARN_DOCUMENTATION_COMMENTS = YES;
				CLANG_WARN_EMPTY_BODY = YES;
				CLANG_WARN_ENUM_CONVERSION = YES;
				CLANG_WARN_INFINITE_RECURSION = YES;
				CLANG_WARN_INT_CONVERSION = YES;
				CLANG_WARN_NON_LITERAL_NULL_CONVERSION = YES;
				CLANG_WARN_OBJC_IMPLICIT_RETAIN_SELF = YES;
				CLANG_WARN_OBJC_LITERAL_CONVERSION = YES;
				CLANG_WARN_OBJC_ROOT_CLASS = YES_ERROR;
				CLANG_WARN_QUOTED_INCLUDE_IN_FRAMEWORK_HEADER = YES;
				CLANG_WARN_RANGE_LOOP_ANALYSIS = YES;
				CLANG_WARN_STRICT_PROTOTYPES = YES;
				CLANG_WARN_SUSPICIOUS_MOVE = YES;
				CLANG_WARN_UNGUARDED_AVAILABILITY = YES_AGGRESSIVE;
				CLANG_WARN_UNREACHABLE_CODE = YES;
				CLANG_WARN__DUPLICATE_METHOD_MATCH = YES;
				COPY_PHASE_STRIP = NO;
				DEBUG_INFORMATION_FORMAT = dwarf;
				ENABLE_STRICT_OBJC_MSGSEND = YES;
				ENABLE_TESTABILITY = YES;
				GCC_C_LANGUAGE_STANDARD = gnu11;
				GCC_DYNAMIC_NO_PIC = NO;
				GCC_NO_COMMON_BLOCKS = YES;
				GCC_OPTIMIZATION_LEVEL = 0;
				GCC_PREPROCESSOR_DEFINITIONS = (
					"DEBUG=1",
					"$(inherited)",
				);
				GCC_WARN_64_TO_32_BIT_CONVERSION = YES;
				GCC_WARN_ABOUT_RETURN_TYPE = YES_ERROR;
				GCC_WARN_UNDECLARED_SELECTOR = YES;
				GCC_WARN_UNINITIALIZED_AUTOS = YES_AGGRESSIVE;
				GCC_WARN_UNUSED_FUNCTION = YES;
				GCC_WARN_UNUSED_VARIABLE = YES;
				IPHONEOS_DEPLOYMENT_TARGET = 16.1;
				MTL_ENABLE_DEBUG_INFO = INCLUDE_SOURCE;
				MTL_FAST_MATH = YES;
				ONLY_ACTIVE_ARCH = YES;
				SDKROOT = iphoneos;
				SWIFT_ACTIVE_COMPILATION_CONDITIONS = DEBUG;
				SWIFT_OPTIMIZATION_LEVEL = "-Onone";
			};
			name = Debug;
		};
		5CD29567291496B2002242E3 /* Release */ = {
			isa = XCBuildConfiguration;
			buildSettings = {
				ALWAYS_SEARCH_USER_PATHS = NO;
				CLANG_ANALYZER_NONNULL = YES;
				CLANG_ANALYZER_NUMBER_OBJECT_CONVERSION = YES_AGGRESSIVE;
				CLANG_CXX_LANGUAGE_STANDARD = "gnu++20";
				CLANG_ENABLE_MODULES = YES;
				CLANG_ENABLE_OBJC_ARC = YES;
				CLANG_ENABLE_OBJC_WEAK = YES;
				CLANG_WARN_BLOCK_CAPTURE_AUTORELEASING = YES;
				CLANG_WARN_BOOL_CONVERSION = YES;
				CLANG_WARN_COMMA = YES;
				CLANG_WARN_CONSTANT_CONVERSION = YES;
				CLANG_WARN_DEPRECATED_OBJC_IMPLEMENTATIONS = YES;
				CLANG_WARN_DIRECT_OBJC_ISA_USAGE = YES_ERROR;
				CLANG_WARN_DOCUMENTATION_COMMENTS = YES;
				CLANG_WARN_EMPTY_BODY = YES;
				CLANG_WARN_ENUM_CONVERSION = YES;
				CLANG_WARN_INFINITE_RECURSION = YES;
				CLANG_WARN_INT_CONVERSION = YES;
				CLANG_WARN_NON_LITERAL_NULL_CONVERSION = YES;
				CLANG_WARN_OBJC_IMPLICIT_RETAIN_SELF = YES;
				CLANG_WARN_OBJC_LITERAL_CONVERSION = YES;
				CLANG_WARN_OBJC_ROOT_CLASS = YES_ERROR;
				CLANG_WARN_QUOTED_INCLUDE_IN_FRAMEWORK_HEADER = YES;
				CLANG_WARN_RANGE_LOOP_ANALYSIS = YES;
				CLANG_WARN_STRICT_PROTOTYPES = YES;
				CLANG_WARN_SUSPICIOUS_MOVE = YES;
				CLANG_WARN_UNGUARDED_AVAILABILITY = YES_AGGRESSIVE;
				CLANG_WARN_UNREACHABLE_CODE = YES;
				CLANG_WARN__DUPLICATE_METHOD_MATCH = YES;
				COPY_PHASE_STRIP = NO;
				DEBUG_INFORMATION_FORMAT = "dwarf-with-dsym";
				ENABLE_NS_ASSERTIONS = NO;
				ENABLE_STRICT_OBJC_MSGSEND = YES;
				GCC_C_LANGUAGE_STANDARD = gnu11;
				GCC_NO_COMMON_BLOCKS = YES;
				GCC_WARN_64_TO_32_BIT_CONVERSION = YES;
				GCC_WARN_ABOUT_RETURN_TYPE = YES_ERROR;
				GCC_WARN_UNDECLARED_SELECTOR = YES;
				GCC_WARN_UNINITIALIZED_AUTOS = YES_AGGRESSIVE;
				GCC_WARN_UNUSED_FUNCTION = YES;
				GCC_WARN_UNUSED_VARIABLE = YES;
				IPHONEOS_DEPLOYMENT_TARGET = 16.1;
				MTL_ENABLE_DEBUG_INFO = NO;
				MTL_FAST_MATH = YES;
				SDKROOT = iphoneos;
				SWIFT_COMPILATION_MODE = wholemodule;
				SWIFT_OPTIMIZATION_LEVEL = "-O";
				VALIDATE_PRODUCT = YES;
			};
			name = Release;
		};
		5CD29569291496B2002242E3 /* Debug */ = {
			isa = XCBuildConfiguration;
			buildSettings = {
				ASSETCATALOG_COMPILER_APPICON_NAME = AppIcon;
				ASSETCATALOG_COMPILER_GLOBAL_ACCENT_COLOR_NAME = AccentColor;
				CODE_SIGN_STYLE = Automatic;
				CURRENT_PROJECT_VERSION = 1;
				DEVELOPMENT_ASSET_PATHS = "\"Lift Track/Preview Content/Preview Assets.xcassets\"";
				ENABLE_PREVIEWS = YES;
				GENERATE_INFOPLIST_FILE = YES;
				INFOPLIST_KEY_UIApplicationSceneManifest_Generation = YES;
				INFOPLIST_KEY_UIApplicationSupportsIndirectInputEvents = YES;
				INFOPLIST_KEY_UILaunchScreen_Generation = YES;
				INFOPLIST_KEY_UISupportedInterfaceOrientations_iPad = "UIInterfaceOrientationPortrait UIInterfaceOrientationPortraitUpsideDown UIInterfaceOrientationLandscapeLeft UIInterfaceOrientationLandscapeRight";
				INFOPLIST_KEY_UISupportedInterfaceOrientations_iPhone = "UIInterfaceOrientationPortrait UIInterfaceOrientationLandscapeLeft UIInterfaceOrientationLandscapeRight";
				LD_RUNPATH_SEARCH_PATHS = (
					"$(inherited)",
					"@executable_path/Frameworks",
				);
				MARKETING_VERSION = 1.0;
				PRODUCT_BUNDLE_IDENTIFIER = "Jack-Lingle.Lift-Track";
				PRODUCT_NAME = "$(TARGET_NAME)";
				SWIFT_EMIT_LOC_STRINGS = YES;
				SWIFT_VERSION = 5.0;
				TARGETED_DEVICE_FAMILY = "1,2";
			};
			name = Debug;
		};
		5CD2956A291496B2002242E3 /* Release */ = {
			isa = XCBuildConfiguration;
			buildSettings = {
				ASSETCATALOG_COMPILER_APPICON_NAME = AppIcon;
				ASSETCATALOG_COMPILER_GLOBAL_ACCENT_COLOR_NAME = AccentColor;
				CODE_SIGN_STYLE = Automatic;
				CURRENT_PROJECT_VERSION = 1;
				DEVELOPMENT_ASSET_PATHS = "\"Lift Track/Preview Content/Preview Assets.xcassets\"";
				ENABLE_PREVIEWS = YES;
				GENERATE_INFOPLIST_FILE = YES;
				INFOPLIST_KEY_UIApplicationSceneManifest_Generation = YES;
				INFOPLIST_KEY_UIApplicationSupportsIndirectInputEvents = YES;
				INFOPLIST_KEY_UILaunchScreen_Generation = YES;
				INFOPLIST_KEY_UISupportedInterfaceOrientations_iPad = "UIInterfaceOrientationPortrait UIInterfaceOrientationPortraitUpsideDown UIInterfaceOrientationLandscapeLeft UIInterfaceOrientationLandscapeRight";
				INFOPLIST_KEY_UISupportedInterfaceOrientations_iPhone = "UIInterfaceOrientationPortrait UIInterfaceOrientationLandscapeLeft UIInterfaceOrientationLandscapeRight";
				LD_RUNPATH_SEARCH_PATHS = (
					"$(inherited)",
					"@executable_path/Frameworks",
				);
				MARKETING_VERSION = 1.0;
				PRODUCT_BUNDLE_IDENTIFIER = "Jack-Lingle.Lift-Track";
				PRODUCT_NAME = "$(TARGET_NAME)";
				SWIFT_EMIT_LOC_STRINGS = YES;
				SWIFT_VERSION = 5.0;
				TARGETED_DEVICE_FAMILY = "1,2";
			};
			name = Release;
		};
		5CD2956C291496B2002242E3 /* Debug */ = {
			isa = XCBuildConfiguration;
			buildSettings = {
				ALWAYS_EMBED_SWIFT_STANDARD_LIBRARIES = YES;
				BUNDLE_LOADER = "$(TEST_HOST)";
				CODE_SIGN_STYLE = Automatic;
				CURRENT_PROJECT_VERSION = 1;
				GENERATE_INFOPLIST_FILE = YES;
				IPHONEOS_DEPLOYMENT_TARGET = 16.1;
				MARKETING_VERSION = 1.0;
				PRODUCT_BUNDLE_IDENTIFIER = "Jack-Lingle.Lift-TrackTests";
				PRODUCT_NAME = "$(TARGET_NAME)";
				SWIFT_EMIT_LOC_STRINGS = NO;
				SWIFT_VERSION = 5.0;
				TARGETED_DEVICE_FAMILY = "1,2";
				TEST_HOST = "$(BUILT_PRODUCTS_DIR)/Lift Track.app/$(BUNDLE_EXECUTABLE_FOLDER_PATH)/Lift Track";
			};
			name = Debug;
		};
		5CD2956D291496B2002242E3 /* Release */ = {
			isa = XCBuildConfiguration;
			buildSettings = {
				ALWAYS_EMBED_SWIFT_STANDARD_LIBRARIES = YES;
				BUNDLE_LOADER = "$(TEST_HOST)";
				CODE_SIGN_STYLE = Automatic;
				CURRENT_PROJECT_VERSION = 1;
				GENERATE_INFOPLIST_FILE = YES;
				IPHONEOS_DEPLOYMENT_TARGET = 16.1;
				MARKETING_VERSION = 1.0;
				PRODUCT_BUNDLE_IDENTIFIER = "Jack-Lingle.Lift-TrackTests";
				PRODUCT_NAME = "$(TARGET_NAME)";
				SWIFT_EMIT_LOC_STRINGS = NO;
				SWIFT_VERSION = 5.0;
				TARGETED_DEVICE_FAMILY = "1,2";
				TEST_HOST = "$(BUILT_PRODUCTS_DIR)/Lift Track.app/$(BUNDLE_EXECUTABLE_FOLDER_PATH)/Lift Track";
			};
			name = Release;
		};
		5CD2956F291496B2002242E3 /* Debug */ = {
			isa = XCBuildConfiguration;
			buildSettings = {
				ALWAYS_EMBED_SWIFT_STANDARD_LIBRARIES = YES;
				CODE_SIGN_STYLE = Automatic;
				CURRENT_PROJECT_VERSION = 1;
				GENERATE_INFOPLIST_FILE = YES;
				MARKETING_VERSION = 1.0;
				PRODUCT_BUNDLE_IDENTIFIER = "Jack-Lingle.Lift-TrackUITests";
				PRODUCT_NAME = "$(TARGET_NAME)";
				SWIFT_EMIT_LOC_STRINGS = NO;
				SWIFT_VERSION = 5.0;
				TARGETED_DEVICE_FAMILY = "1,2";
				TEST_TARGET_NAME = "Lift Track";
			};
			name = Debug;
		};
		5CD29570291496B2002242E3 /* Release */ = {
			isa = XCBuildConfiguration;
			buildSettings = {
				ALWAYS_EMBED_SWIFT_STANDARD_LIBRARIES = YES;
				CODE_SIGN_STYLE = Automatic;
				CURRENT_PROJECT_VERSION = 1;
				GENERATE_INFOPLIST_FILE = YES;
				MARKETING_VERSION = 1.0;
				PRODUCT_BUNDLE_IDENTIFIER = "Jack-Lingle.Lift-TrackUITests";
				PRODUCT_NAME = "$(TARGET_NAME)";
				SWIFT_EMIT_LOC_STRINGS = NO;
				SWIFT_VERSION = 5.0;
				TARGETED_DEVICE_FAMILY = "1,2";
				TEST_TARGET_NAME = "Lift Track";
			};
			name = Release;
		};
/* End XCBuildConfiguration section */

/* Begin XCConfigurationList section */
		5CD2953F291496B0002242E3 /* Build configuration list for PBXProject "Lift Track" */ = {
			isa = XCConfigurationList;
			buildConfigurations = (
				5CD29566291496B2002242E3 /* Debug */,
				5CD29567291496B2002242E3 /* Release */,
			);
			defaultConfigurationIsVisible = 0;
			defaultConfigurationName = Release;
		};
		5CD29568291496B2002242E3 /* Build configuration list for PBXNativeTarget "Lift Track" */ = {
			isa = XCConfigurationList;
			buildConfigurations = (
				5CD29569291496B2002242E3 /* Debug */,
				5CD2956A291496B2002242E3 /* Release */,
			);
			defaultConfigurationIsVisible = 0;
			defaultConfigurationName = Release;
		};
		5CD2956B291496B2002242E3 /* Build configuration list for PBXNativeTarget "Lift TrackTests" */ = {
			isa = XCConfigurationList;
			buildConfigurations = (
				5CD2956C291496B2002242E3 /* Debug */,
				5CD2956D291496B2002242E3 /* Release */,
			);
			defaultConfigurationIsVisible = 0;
			defaultConfigurationName = Release;
		};
		5CD2956E291496B2002242E3 /* Build configuration list for PBXNativeTarget "Lift TrackUITests" */ = {
			isa = XCConfigurationList;
			buildConfigurations = (
				5CD2956F291496B2002242E3 /* Debug */,
				5CD29570291496B2002242E3 /* Release */,
			);
			defaultConfigurationIsVisible = 0;
			defaultConfigurationName = Release;
		};
/* End XCConfigurationList section */

/* Begin XCRemoteSwiftPackageReference section */
		5CD295822915F0E0002242E3 /* XCRemoteSwiftPackageReference "realm-cocoa" */ = {
			isa = XCRemoteSwiftPackageReference;
			repositoryURL = "https://github.com/realm/realm-cocoa";
			requirement = {
				kind = upToNextMajorVersion;
				minimumVersion = 10.33.0;
			};
		};
/* End XCRemoteSwiftPackageReference section */

/* Begin XCSwiftPackageProductDependency section */
		5CD295832915F0E0002242E3 /* RealmSwift */ = {
			isa = XCSwiftPackageProductDependency;
			package = 5CD295822915F0E0002242E3 /* XCRemoteSwiftPackageReference "realm-cocoa" */;
			productName = RealmSwift;
		};
/* End XCSwiftPackageProductDependency section */
	};
	rootObject = 5CD2953C291496B0002242E3 /* Project object */;
}
